
Microsoft Visual Studio Solution File, Format Version 12.00
# Visual Studio Version 17
VisualStudioVersion = 17.1.32113.165
MinimumVisualStudioVersion = 10.0.40219.1
Project("{8BC9CEB8-8B4A-11D0-8D11-00A0C91BC942}") = "SDLPoP", "SDLPoP\SDLPoP.vcxproj", "{3EA0E873-C79D-427A-94A0-76CACC6CD110}"
EndProject
Project("{8BC9CEB8-8B4A-11D0-8D11-00A0C91BC942}") = "SDL2-UWP", "SDL2\SDL-UWP.vcxproj", "{89E9B32E-A86A-47C3-A948-D2B1622925CE}"
EndProject
Project("{8BC9CEB8-8B4A-11D0-8D11-00A0C91BC942}") = "SDL2_image-UWP", "SDL2_image\SDL_image-UWP.vcxproj", "{29B4D11F-59F3-4EBC-A769-3BABD140DB9A}"
EndProject
Project("{8BC9CEB8-8B4A-11D0-8D11-00A0C91BC942}") = "zlib-UWP", "SDL2_image\zlib-UWP.vcxproj", "{ACEA4101-6F4A-44ED-9EC1-289821DAC711}"
EndProject
Project("{8BC9CEB8-8B4A-11D0-8D11-00A0C91BC942}") = "libpng-UWP", "SDL2_image\libpng-UWP.vcxproj", "{5FBDC49A-7939-40F9-B78E-975F190ADBD3}"
EndProject

Global
	GlobalSection(SolutionConfigurationPlatforms) = preSolution
		Debug|ARM = Debug|ARM
		Debug|ARM64 = Debug|ARM64
		Debug|x64 = Debug|x64
		Debug|x86 = Debug|x86
		Release|ARM = Release|ARM
		Release|ARM64 = Release|ARM64
		Release|x64 = Release|x64
		Release|x86 = Release|x86
	EndGlobalSection
	GlobalSection(ProjectConfigurationPlatforms) = postSolution
		{3EA0E873-C79D-427A-94A0-76CACC6CD110}.Debug|ARM.ActiveCfg = Debug|ARM
		{3EA0E873-C79D-427A-94A0-76CACC6CD110}.Debug|ARM.Build.0 = Debug|ARM
		{3EA0E873-C79D-427A-94A0-76CACC6CD110}.Debug|ARM.Deploy.0 = Debug|ARM
		{3EA0E873-C79D-427A-94A0-76CACC6CD110}.Debug|ARM64.ActiveCfg = Debug|ARM64
		{3EA0E873-C79D-427A-94A0-76CACC6CD110}.Debug|ARM64.Build.0 = Debug|ARM64
		{3EA0E873-C79D-427A-94A0-76CACC6CD110}.Debug|ARM64.Deploy.0 = Debug|ARM64
		{3EA0E873-C79D-427A-94A0-76CACC6CD110}.Debug|x64.ActiveCfg = Debug|x64
		{3EA0E873-C79D-427A-94A0-76CACC6CD110}.Debug|x64.Build.0 = Debug|x64
		{3EA0E873-C79D-427A-94A0-76CACC6CD110}.Debug|x64.Deploy.0 = Debug|x64
		{3EA0E873-C79D-427A-94A0-76CACC6CD110}.Debug|x86.ActiveCfg = Debug|Win32
		{3EA0E873-C79D-427A-94A0-76CACC6CD110}.Debug|x86.Build.0 = Debug|Win32
		{3EA0E873-C79D-427A-94A0-76CACC6CD110}.Debug|x86.Deploy.0 = Debug|Win32
		{3EA0E873-C79D-427A-94A0-76CACC6CD110}.Release|ARM.ActiveCfg = Release|ARM
		{3EA0E873-C79D-427A-94A0-76CACC6CD110}.Release|ARM.Build.0 = Release|ARM
		{3EA0E873-C79D-427A-94A0-76CACC6CD110}.Release|ARM.Deploy.0 = Release|ARM
		{3EA0E873-C79D-427A-94A0-76CACC6CD110}.Release|ARM64.ActiveCfg = Release|ARM64
		{3EA0E873-C79D-427A-94A0-76CACC6CD110}.Release|ARM64.Build.0 = Release|ARM64
		{3EA0E873-C79D-427A-94A0-76CACC6CD110}.Release|ARM64.Deploy.0 = Release|ARM64
		{3EA0E873-C79D-427A-94A0-76CACC6CD110}.Release|x64.ActiveCfg = Release|x64
		{3EA0E873-C79D-427A-94A0-76CACC6CD110}.Release|x64.Build.0 = Release|x64
		{3EA0E873-C79D-427A-94A0-76CACC6CD110}.Release|x64.Deploy.0 = Release|x64
		{3EA0E873-C79D-427A-94A0-76CACC6CD110}.Release|x86.ActiveCfg = Release|Win32
		{3EA0E873-C79D-427A-94A0-76CACC6CD110}.Release|x86.Build.0 = Release|Win32
		{3EA0E873-C79D-427A-94A0-76CACC6CD110}.Release|x86.Deploy.0 = Release|Win32
		{ACEA4101-6F4A-44ED-9EC1-289821DAC711}.Debug|ARM.ActiveCfg = Debug|ARM
		{ACEA4101-6F4A-44ED-9EC1-289821DAC711}.Debug|ARM.Build.0 = Debug|ARM
		{ACEA4101-6F4A-44ED-9EC1-289821DAC711}.Debug|ARM64.ActiveCfg = Debug|x64
		{ACEA4101-6F4A-44ED-9EC1-289821DAC711}.Debug|ARM64.Build.0 = Debug|x64
		{ACEA4101-6F4A-44ED-9EC1-289821DAC711}.Debug|x64.ActiveCfg = Debug|x64
		{ACEA4101-6F4A-44ED-9EC1-289821DAC711}.Debug|x64.Build.0 = Debug|x64
		{ACEA4101-6F4A-44ED-9EC1-289821DAC711}.Debug|x86.ActiveCfg = Debug|Win32
		{ACEA4101-6F4A-44ED-9EC1-289821DAC711}.Debug|x86.Build.0 = Debug|Win32
		{ACEA4101-6F4A-44ED-9EC1-289821DAC711}.Release|ARM.ActiveCfg = Release|ARM
		{ACEA4101-6F4A-44ED-9EC1-289821DAC711}.Release|ARM.Build.0 = Release|ARM
		{ACEA4101-6F4A-44ED-9EC1-289821DAC711}.Release|ARM64.ActiveCfg = Release|x64
		{ACEA4101-6F4A-44ED-9EC1-289821DAC711}.Release|ARM64.Build.0 = Release|x64
		{ACEA4101-6F4A-44ED-9EC1-289821DAC711}.Release|x64.ActiveCfg = Release|x64
		{ACEA4101-6F4A-44ED-9EC1-289821DAC711}.Release|x64.Build.0 = Release|x64
		{ACEA4101-6F4A-44ED-9EC1-289821DAC711}.Release|x86.ActiveCfg = Release|Win32
		{ACEA4101-6F4A-44ED-9EC1-289821DAC711}.Release|x86.Build.0 = Release|Win32
		{5FBDC49A-7939-40F9-B78E-975F190ADBD3}.Debug|ARM.ActiveCfg = Debug|ARM
		{5FBDC49A-7939-40F9-B78E-975F190ADBD3}.Debug|ARM.Build.0 = Debug|ARM
		{5FBDC49A-7939-40F9-B78E-975F190ADBD3}.Debug|ARM64.ActiveCfg = Debug|x64
		{5FBDC49A-7939-40F9-B78E-975F190ADBD3}.Debug|ARM64.Build.0 = Debug|x64
		{5FBDC49A-7939-40F9-B78E-975F190ADBD3}.Debug|x64.ActiveCfg = Debug|x64
		{5FBDC49A-7939-40F9-B78E-975F190ADBD3}.Debug|x64.Build.0 = Debug|x64
		{5FBDC49A-7939-40F9-B78E-975F190ADBD3}.Debug|x86.ActiveCfg = Debug|Win32
		{5FBDC49A-7939-40F9-B78E-975F190ADBD3}.Debug|x86.Build.0 = Debug|Win32
		{5FBDC49A-7939-40F9-B78E-975F190ADBD3}.Release|ARM.ActiveCfg = Release|ARM
		{5FBDC49A-7939-40F9-B78E-975F190ADBD3}.Release|ARM.Build.0 = Release|ARM
		{5FBDC49A-7939-40F9-B78E-975F190ADBD3}.Release|ARM64.ActiveCfg = Release|x64
		{5FBDC49A-7939-40F9-B78E-975F190ADBD3}.Release|ARM64.Build.0 = Release|x64
		{5FBDC49A-7939-40F9-B78E-975F190ADBD3}.Release|x64.ActiveCfg = Release|x64
		{5FBDC49A-7939-40F9-B78E-975F190ADBD3}.Release|x64.Build.0 = Release|x64
		{5FBDC49A-7939-40F9-B78E-975F190ADBD3}.Release|x86.ActiveCfg = Release|Win32
		{5FBDC49A-7939-40F9-B78E-975F190ADBD3}.Release|x86.Build.0 = Release|Win32
		{29B4D11F-59F3-4EBC-A769-3BABD140DB9A}.Debug|ARM.ActiveCfg = Debug|ARM
		{29B4D11F-59F3-4EBC-A769-3BABD140DB9A}.Debug|ARM.Build.0 = Debug|ARM
		{29B4D11F-59F3-4EBC-A769-3BABD140DB9A}.Debug|ARM64.ActiveCfg = Debug|x64
		{29B4D11F-59F3-4EBC-A769-3BABD140DB9A}.Debug|ARM64.Build.0 = Debug|x64
		{29B4D11F-59F3-4EBC-A769-3BABD140DB9A}.Debug|x64.ActiveCfg = Debug|x64
		{29B4D11F-59F3-4EBC-A769-3BABD140DB9A}.Debug|x64.Build.0 = Debug|x64
		{29B4D11F-59F3-4EBC-A769-3BABD140DB9A}.Debug|x86.ActiveCfg = Debug|Win32
		{29B4D11F-59F3-4EBC-A769-3BABD140DB9A}.Debug|x86.Build.0 = Debug|Win32
		{29B4D11F-59F3-4EBC-A769-3BABD140DB9A}.Release|ARM.ActiveCfg = Release|ARM
		{29B4D11F-59F3-4EBC-A769-3BABD140DB9A}.Release|ARM.Build.0 = Release|ARM
		{29B4D11F-59F3-4EBC-A769-3BABD140DB9A}.Release|ARM64.ActiveCfg = Release|x64
		{29B4D11F-59F3-4EBC-A769-3BABD140DB9A}.Release|ARM64.Build.0 = Release|x64
		{29B4D11F-59F3-4EBC-A769-3BABD140DB9A}.Release|x64.ActiveCfg = Release|x64
		{29B4D11F-59F3-4EBC-A769-3BABD140DB9A}.Release|x64.Build.0 = Release|x64
		{29B4D11F-59F3-4EBC-A769-3BABD140DB9A}.Release|x86.ActiveCfg = Release|Win32
		{29B4D11F-59F3-4EBC-A769-3BABD140DB9A}.Release|x86.Build.0 = Release|Win32
		{89E9B32E-A86A-47C3-A948-D2B1622925CE}.Debug|ARM.ActiveCfg = Debug|ARM
		{89E9B32E-A86A-47C3-A948-D2B1622925CE}.Debug|ARM.Build.0 = Debug|ARM
		{89E9B32E-A86A-47C3-A948-D2B1622925CE}.Debug|ARM64.ActiveCfg = Debug|x64
		{89E9B32E-A86A-47C3-A948-D2B1622925CE}.Debug|ARM64.Build.0 = Debug|x64
		{89E9B32E-A86A-47C3-A948-D2B1622925CE}.Debug|x64.ActiveCfg = Debug|x64
		{89E9B32E-A86A-47C3-A948-D2B1622925CE}.Debug|x64.Build.0 = Debug|x64
		{89E9B32E-A86A-47C3-A948-D2B1622925CE}.Debug|x86.ActiveCfg = Debug|Win32
		{89E9B32E-A86A-47C3-A948-D2B1622925CE}.Debug|x86.Build.0 = Debug|Win32
		{89E9B32E-A86A-47C3-A948-D2B1622925CE}.Release|ARM.ActiveCfg = Release|ARM
		{89E9B32E-A86A-47C3-A948-D2B1622925CE}.Release|ARM.Build.0 = Release|ARM
		{89E9B32E-A86A-47C3-A948-D2B1622925CE}.Release|ARM64.ActiveCfg = Release|x64
		{89E9B32E-A86A-47C3-A948-D2B1622925CE}.Release|ARM64.Build.0 = Release|x64
		{89E9B32E-A86A-47C3-A948-D2B1622925CE}.Release|x64.ActiveCfg = Release|x64
		{89E9B32E-A86A-47C3-A948-D2B1622925CE}.Release|x64.Build.0 = Release|x64
		{89E9B32E-A86A-47C3-A948-D2B1622925CE}.Release|x86.ActiveCfg = Release|Win32
		{89E9B32E-A86A-47C3-A948-D2B1622925CE}.Release|x86.Build.0 = Release|Win32
	EndGlobalSection
	GlobalSection(SolutionProperties) = preSolution
		HideSolutionNode = FALSE
	EndGlobalSection
	GlobalSection(ExtensibilityGlobals) = postSolution
		SolutionGuid = {75410AB7-FC77-4205-A696-160A72CC9BDB}
	EndGlobalSection
EndGlobal
